
Microsoft Visual Studio Solution File, Format Version 12.00
# Visual Studio Version 16
VisualStudioVersion = 16.0.31205.134
MinimumVisualStudioVersion = 10.0.40219.1
Project("{888888A0-9F3D-457C-B088-3A5042F75D52}") = "Examen AA", "Examen AA\Examen AA.pyproj", "{03853B8B-D4FA-40B9-8DD1-7DF8BA2A5DFD}"
EndProject
Global
	GlobalSection(SolutionConfigurationPlatforms) = preSolution
		Debug|Any CPU = Debug|Any CPU
		Release|Any CPU = Release|Any CPU
	EndGlobalSection
	GlobalSection(ProjectConfigurationPlatforms) = postSolution
		{03853B8B-D4FA-40B9-8DD1-7DF8BA2A5DFD}.Debug|Any CPU.ActiveCfg = Debug|Any CPU
		{03853B8B-D4FA-40B9-8DD1-7DF8BA2A5DFD}.Release|Any CPU.ActiveCfg = Release|Any CPU
	EndGlobalSection
	GlobalSection(SolutionProperties) = preSolution
		HideSolutionNode = FALSE
	EndGlobalSection
	GlobalSection(ExtensibilityGlobals) = postSolution
		SolutionGuid = {1616B09A-665B-475D-8D71-D16B3D9FC391}
	EndGlobalSection
EndGlobal
